
Microsoft Visual Studio Solution File, Format Version 12.00
# Visual Studio Version 16
VisualStudioVersion = 16.0.33328.57
MinimumVisualStudioVersion = 10.0.40219.1
Project("{FAE04EC0-301F-11D3-BF4B-00C04F79EFBC}") = "GAYA", "GAYA.csproj", "{2B093F11-8AD2-4DD7-87B0-5ABCCC98717C}"
EndProject
Global
	GlobalSection(SolutionConfigurationPlatforms) = preSolution
		Debug|x86 = Debug|x86
		Release|x86 = Release|x86
	EndGlobalSection
	GlobalSection(ProjectConfigurationPlatforms) = postSolution
		{2B093F11-8AD2-4DD7-87B0-5ABCCC98717C}.Debug|x86.ActiveCfg = Debug|x86
		{2B093F11-8AD2-4DD7-87B0-5ABCCC98717C}.Debug|x86.Build.0 = Debug|x86
		{2B093F11-8AD2-4DD7-87B0-5ABCCC98717C}.Release|x86.ActiveCfg = Release|x86
		{2B093F11-8AD2-4DD7-87B0-5ABCCC98717C}.Release|x86.Build.0 = Release|x86
	EndGlobalSection
	GlobalSection(SolutionProperties) = preSolution
		HideSolutionNode = FALSE
	EndGlobalSection
	GlobalSection(ExtensibilityGlobals) = postSolution
		SolutionGuid = {CC684EB5-09A2-410F-8744-E2BDC2347AC6}
	EndGlobalSection
EndGlobal
